
Microsoft Visual Studio Solution File, Format Version 12.00
# Visual Studio Version 17
VisualStudioVersion = 17.13.35818.85 d17.13
MinimumVisualStudioVersion = 10.0.40219.1
Project("{FAE04EC0-301F-11D3-BF4B-00C04F79EFBC}") = "УЛП1", "УЛП1.csproj", "{FE5FC079-E3AA-4437-BEEF-6401B6437D11}"
EndProject
Global
	GlobalSection(SolutionConfigurationPlatforms) = preSolution
		Debug|Any CPU = Debug|Any CPU
		Release|Any CPU = Release|Any CPU
	EndGlobalSection
	GlobalSection(ProjectConfigurationPlatforms) = postSolution
		{FE5FC079-E3AA-4437-BEEF-6401B6437D11}.Debug|Any CPU.ActiveCfg = Debug|Any CPU
		{FE5FC079-E3AA-4437-BEEF-6401B6437D11}.Debug|Any CPU.Build.0 = Debug|Any CPU
		{FE5FC079-E3AA-4437-BEEF-6401B6437D11}.Release|Any CPU.ActiveCfg = Release|Any CPU
		{FE5FC079-E3AA-4437-BEEF-6401B6437D11}.Release|Any CPU.Build.0 = Release|Any CPU
	EndGlobalSection
	GlobalSection(SolutionProperties) = preSolution
		HideSolutionNode = FALSE
	EndGlobalSection
	GlobalSection(ExtensibilityGlobals) = postSolution
		SolutionGuid = {1A6E183D-68FE-4D3D-B149-9FC9DC425EC6}
	EndGlobalSection
EndGlobal
